
Microsoft Visual Studio Solution File, Format Version 12.00
# Visual Studio 2012
Project("{FAE04EC0-301F-11D3-BF4B-00C04F79EFBC}") = "BigDataCollections", "BigDataCollections\BigDataCollections.csproj", "{F7EAC7DF-7666-48A5-BD18-0C36F2EC2C36}"
EndProject
Project("{FAE04EC0-301F-11D3-BF4B-00C04F79EFBC}") = "UnitTests", "UnitTests\UnitTests.csproj", "{A668E0B9-CF1C-4D57-A710-C0D015823FA7}"
EndProject
Global
	GlobalSection(SolutionConfigurationPlatforms) = preSolution
		Debug|Any CPU = Debug|Any CPU
		Release|Any CPU = Release|Any CPU
	EndGlobalSection
	GlobalSection(ProjectConfigurationPlatforms) = postSolution
		{F7EAC7DF-7666-48A5-BD18-0C36F2EC2C36}.Debug|Any CPU.ActiveCfg = Debug|Any CPU
		{F7EAC7DF-7666-48A5-BD18-0C36F2EC2C36}.Debug|Any CPU.Build.0 = Debug|Any CPU
		{F7EAC7DF-7666-48A5-BD18-0C36F2EC2C36}.Release|Any CPU.ActiveCfg = Release|Any CPU
		{F7EAC7DF-7666-48A5-BD18-0C36F2EC2C36}.Release|Any CPU.Build.0 = Release|Any CPU
		{A668E0B9-CF1C-4D57-A710-C0D015823FA7}.Debug|Any CPU.ActiveCfg = Debug|Any CPU
		{A668E0B9-CF1C-4D57-A710-C0D015823FA7}.Debug|Any CPU.Build.0 = Debug|Any CPU
		{A668E0B9-CF1C-4D57-A710-C0D015823FA7}.Release|Any CPU.ActiveCfg = Release|Any CPU
		{A668E0B9-CF1C-4D57-A710-C0D015823FA7}.Release|Any CPU.Build.0 = Release|Any CPU
	EndGlobalSection
	GlobalSection(SolutionProperties) = preSolution
		HideSolutionNode = FALSE
	EndGlobalSection
EndGlobal
