
Microsoft Visual Studio Solution File, Format Version 12.00
# Visual Studio 2013
VisualStudioVersion = 12.0.40629.0
MinimumVisualStudioVersion = 10.0.40219.1
Project("{FAE04EC0-301F-11D3-BF4B-00C04F79EFBC}") = "UnitTests", "UnitTests\UnitTests.csproj", "{6C5C4D83-DCC9-4BCE-A7D9-4B9F16180C47}"
EndProject
Project("{FAE04EC0-301F-11D3-BF4B-00C04F79EFBC}") = "Bigio", "Bigio\Bigio.csproj", "{F7EAC7DF-7666-48A5-BD18-0C36F2EC2C36}"
EndProject
Project("{FAE04EC0-301F-11D3-BF4B-00C04F79EFBC}") = "PerformanceTests", "PerformanceTests\PerformanceTests.csproj", "{4E6CF41B-8908-4BFA-855F-EE8DF5F7BD13}"
EndProject
Global
	GlobalSection(SolutionConfigurationPlatforms) = preSolution
		Debug|Any CPU = Debug|Any CPU
		Debug|Mixed Platforms = Debug|Mixed Platforms
		Debug|x86 = Debug|x86
		Release|Any CPU = Release|Any CPU
		Release|Mixed Platforms = Release|Mixed Platforms
		Release|x86 = Release|x86
	EndGlobalSection
	GlobalSection(ProjectConfigurationPlatforms) = postSolution
		{6C5C4D83-DCC9-4BCE-A7D9-4B9F16180C47}.Debug|Any CPU.ActiveCfg = Debug|x86
		{6C5C4D83-DCC9-4BCE-A7D9-4B9F16180C47}.Debug|Mixed Platforms.ActiveCfg = Debug|x86
		{6C5C4D83-DCC9-4BCE-A7D9-4B9F16180C47}.Debug|Mixed Platforms.Build.0 = Debug|x86
		{6C5C4D83-DCC9-4BCE-A7D9-4B9F16180C47}.Debug|x86.ActiveCfg = Debug|x86
		{6C5C4D83-DCC9-4BCE-A7D9-4B9F16180C47}.Debug|x86.Build.0 = Debug|x86
		{6C5C4D83-DCC9-4BCE-A7D9-4B9F16180C47}.Release|Any CPU.ActiveCfg = Release|x86
		{6C5C4D83-DCC9-4BCE-A7D9-4B9F16180C47}.Release|Mixed Platforms.ActiveCfg = Release|x86
		{6C5C4D83-DCC9-4BCE-A7D9-4B9F16180C47}.Release|Mixed Platforms.Build.0 = Release|x86
		{6C5C4D83-DCC9-4BCE-A7D9-4B9F16180C47}.Release|x86.ActiveCfg = Release|x86
		{6C5C4D83-DCC9-4BCE-A7D9-4B9F16180C47}.Release|x86.Build.0 = Release|x86
		{F7EAC7DF-7666-48A5-BD18-0C36F2EC2C36}.Debug|Any CPU.ActiveCfg = Debug|Any CPU
		{F7EAC7DF-7666-48A5-BD18-0C36F2EC2C36}.Debug|Any CPU.Build.0 = Debug|Any CPU
		{F7EAC7DF-7666-48A5-BD18-0C36F2EC2C36}.Debug|Mixed Platforms.ActiveCfg = Debug|Any CPU
		{F7EAC7DF-7666-48A5-BD18-0C36F2EC2C36}.Debug|Mixed Platforms.Build.0 = Debug|Any CPU
		{F7EAC7DF-7666-48A5-BD18-0C36F2EC2C36}.Debug|x86.ActiveCfg = Debug|Any CPU
		{F7EAC7DF-7666-48A5-BD18-0C36F2EC2C36}.Release|Any CPU.ActiveCfg = Release|Any CPU
		{F7EAC7DF-7666-48A5-BD18-0C36F2EC2C36}.Release|Any CPU.Build.0 = Release|Any CPU
		{F7EAC7DF-7666-48A5-BD18-0C36F2EC2C36}.Release|Mixed Platforms.ActiveCfg = Release|Any CPU
		{F7EAC7DF-7666-48A5-BD18-0C36F2EC2C36}.Release|Mixed Platforms.Build.0 = Release|Any CPU
		{F7EAC7DF-7666-48A5-BD18-0C36F2EC2C36}.Release|x86.ActiveCfg = Release|Any CPU
		{4E6CF41B-8908-4BFA-855F-EE8DF5F7BD13}.Debug|Any CPU.ActiveCfg = Debug|Any CPU
		{4E6CF41B-8908-4BFA-855F-EE8DF5F7BD13}.Debug|Any CPU.Build.0 = Debug|Any CPU
		{4E6CF41B-8908-4BFA-855F-EE8DF5F7BD13}.Debug|Mixed Platforms.ActiveCfg = Debug|Any CPU
		{4E6CF41B-8908-4BFA-855F-EE8DF5F7BD13}.Debug|Mixed Platforms.Build.0 = Debug|Any CPU
		{4E6CF41B-8908-4BFA-855F-EE8DF5F7BD13}.Debug|x86.ActiveCfg = Debug|Any CPU
		{4E6CF41B-8908-4BFA-855F-EE8DF5F7BD13}.Release|Any CPU.ActiveCfg = Release|Any CPU
		{4E6CF41B-8908-4BFA-855F-EE8DF5F7BD13}.Release|Any CPU.Build.0 = Release|Any CPU
		{4E6CF41B-8908-4BFA-855F-EE8DF5F7BD13}.Release|Mixed Platforms.ActiveCfg = Release|Any CPU
		{4E6CF41B-8908-4BFA-855F-EE8DF5F7BD13}.Release|Mixed Platforms.Build.0 = Release|Any CPU
		{4E6CF41B-8908-4BFA-855F-EE8DF5F7BD13}.Release|x86.ActiveCfg = Release|Any CPU
	EndGlobalSection
	GlobalSection(SolutionProperties) = preSolution
		HideSolutionNode = FALSE
	EndGlobalSection
EndGlobal
